
Microsoft Visual Studio Solution File, Format Version 12.00
# Visual Studio Version 17
VisualStudioVersion = 17.3.32819.101
MinimumVisualStudioVersion = 10.0.40219.1
Project("{FAE04EC0-301F-11D3-BF4B-00C04F79EFBC}") = "Dmytriiev_HT2", "Dmytriiev_HT2\Dmytriiev_HT2.csproj", "{9099A290-6C39-467E-B062-B19C46E2782D}"
EndProject
Global
	GlobalSection(SolutionConfigurationPlatforms) = preSolution
		Debug|Any CPU = Debug|Any CPU
		Release|Any CPU = Release|Any CPU
	EndGlobalSection
	GlobalSection(ProjectConfigurationPlatforms) = postSolution
		{9099A290-6C39-467E-B062-B19C46E2782D}.Debug|Any CPU.ActiveCfg = Debug|Any CPU
		{9099A290-6C39-467E-B062-B19C46E2782D}.Debug|Any CPU.Build.0 = Debug|Any CPU
		{9099A290-6C39-467E-B062-B19C46E2782D}.Release|Any CPU.ActiveCfg = Release|Any CPU
		{9099A290-6C39-467E-B062-B19C46E2782D}.Release|Any CPU.Build.0 = Release|Any CPU
	EndGlobalSection
	GlobalSection(SolutionProperties) = preSolution
		HideSolutionNode = FALSE
	EndGlobalSection
	GlobalSection(ExtensibilityGlobals) = postSolution
		SolutionGuid = {F9F1831C-9827-434E-B65B-CC0777071769}
	EndGlobalSection
EndGlobal
